{
  "nodes": {
    "decktape-src": {
      "flake": false,
      "locked": {
        "lastModified": 1691163128,
        "narHash": "sha256-F2FaJYaLlEPBpqHEJb5fMPj5Sja3GKRcUVoEUg2Rl2k=",
        "owner": "astefanutti",
        "repo": "decktape",
        "rev": "418086f19b8e4528edb69b6082fafa7790a552a5",
        "type": "github"
      },
      "original": {
        "owner": "astefanutti",
        "repo": "decktape",
        "type": "github"
      }
    },
    "nixpkgs": {
      "locked": {
        "lastModified": 1692986144,
        "narHash": "sha256-M4VFpy7Av9j+33HF5nIGm0k2+DXXW4qSSKdidIKg5jY=",
        "owner": "NixOS",
        "repo": "nixpkgs",
        "rev": "74e5bdc5478ebbe7ba5849f0d765f92757bb9dbf",
        "type": "github"
      },
      "original": {
        "owner": "NixOS",
        "ref": "nixos-23.05",
        "repo": "nixpkgs",
        "type": "github"
      }
    },
    "revealjs-src": {
      "flake": false,
      "locked": {
        "lastModified": 1692946312,
        "narHash": "sha256-+xP9nI1KWH3Ybuw07e6WajIpA17cI5934KSg0orO32A=",
        "owner": "hakimel",
        "repo": "reveal.js",
        "rev": "680cf5edb8092801efb3e8756418829db86f7895",
        "type": "github"
      },
      "original": {
        "owner": "hakimel",
        "repo": "reveal.js",
        "type": "github"
      }
    },
    "root": {
      "inputs": {
        "decktape-src": "decktape-src",
        "nixpkgs": "nixpkgs",
        "revealjs-src": "revealjs-src"
      }
    }
  },
  "root": "root",
  "version": 7
}
